// !$*UTF8*$!
{
	archiveVersion = 1;
	classes = {
	};
	objectVersion = 56;
	objects = {

/* Begin PBXBuildFile section */
		41651EA32A0E8D69004A9B72 /* Global.swift in Sources */ = {isa = PBXBuildFile; fileRef = 41651EA22A0E8D69004A9B72 /* Global.swift */; };
		41651EA52A0E8D70004A9B72 /* UIFont.swift in Sources */ = {isa = PBXBuildFile; fileRef = 41651EA42A0E8D70004A9B72 /* UIFont.swift */; };
		41651ECB2A0E8D7F004A9B72 /* BRSonoma-Black.ttf in Resources */ = {isa = PBXBuildFile; fileRef = 41651EA72A0E8D7F004A9B72 /* BRSonoma-Black.ttf */; };
		41651ECC2A0E8D7F004A9B72 /* BRSonoma-BoldItalic.ttf in Resources */ = {isa = PBXBuildFile; fileRef = 41651EA82A0E8D7F004A9B72 /* BRSonoma-BoldItalic.ttf */; };
		41651ECD2A0E8D7F004A9B72 /* BRSonoma-ThinItalic.ttf in Resources */ = {isa = PBXBuildFile; fileRef = 41651EA92A0E8D7F004A9B72 /* BRSonoma-ThinItalic.ttf */; };
		41651ECE2A0E8D7F004A9B72 /* BRSonoma-ExtraLight.ttf in Resources */ = {isa = PBXBuildFile; fileRef = 41651EAA2A0E8D7F004A9B72 /* BRSonoma-ExtraLight.ttf */; };
		41651ECF2A0E8D7F004A9B72 /* Poppins-ExtraLight.ttf in Resources */ = {isa = PBXBuildFile; fileRef = 41651EAB2A0E8D7F004A9B72 /* Poppins-ExtraLight.ttf */; };
		41651ED02A0E8D7F004A9B72 /* ASMAN.ttf in Resources */ = {isa = PBXBuildFile; fileRef = 41651EAC2A0E8D7F004A9B72 /* ASMAN.ttf */; };
		41651ED12A0E8D7F004A9B72 /* Poppins-ThinItalic.ttf in Resources */ = {isa = PBXBuildFile; fileRef = 41651EAD2A0E8D7F004A9B72 /* Poppins-ThinItalic.ttf */; };
		41651ED22A0E8D7F004A9B72 /* Poppins-ExtraLightItalic.ttf in Resources */ = {isa = PBXBuildFile; fileRef = 41651EAE2A0E8D7F004A9B72 /* Poppins-ExtraLightItalic.ttf */; };
		41651ED32A0E8D7F004A9B72 /* Poppins-BoldItalic.ttf in Resources */ = {isa = PBXBuildFile; fileRef = 41651EAF2A0E8D7F004A9B72 /* Poppins-BoldItalic.ttf */; };
		41651ED42A0E8D7F004A9B72 /* Poppins-Light.ttf in Resources */ = {isa = PBXBuildFile; fileRef = 41651EB02A0E8D7F004A9B72 /* Poppins-Light.ttf */; };
		41651ED52A0E8D7F004A9B72 /* Poppins-Medium.ttf in Resources */ = {isa = PBXBuildFile; fileRef = 41651EB12A0E8D7F004A9B72 /* Poppins-Medium.ttf */; };
		41651ED62A0E8D7F004A9B72 /* BRSonoma-ExtraLightItalic.ttf in Resources */ = {isa = PBXBuildFile; fileRef = 41651EB22A0E8D7F004A9B72 /* BRSonoma-ExtraLightItalic.ttf */; };
		41651ED72A0E8D7F004A9B72 /* Poppins-SemiBoldItalic.ttf in Resources */ = {isa = PBXBuildFile; fileRef = 41651EB32A0E8D7F004A9B72 /* Poppins-SemiBoldItalic.ttf */; };
		41651ED82A0E8D7F004A9B72 /* BRSonoma-RegularItalic.ttf in Resources */ = {isa = PBXBuildFile; fileRef = 41651EB42A0E8D7F004A9B72 /* BRSonoma-RegularItalic.ttf */; };
		41651ED92A0E8D7F004A9B72 /* BRSonoma-SemiBoldItalic.ttf in Resources */ = {isa = PBXBuildFile; fileRef = 41651EB52A0E8D7F004A9B72 /* BRSonoma-SemiBoldItalic.ttf */; };
		41651EDA2A0E8D7F004A9B72 /* BRSonoma-SemiBold.ttf in Resources */ = {isa = PBXBuildFile; fileRef = 41651EB62A0E8D7F004A9B72 /* BRSonoma-SemiBold.ttf */; };
		41651EDB2A0E8D7F004A9B72 /* Poppins-ExtraBoldItalic.ttf in Resources */ = {isa = PBXBuildFile; fileRef = 41651EB72A0E8D7F004A9B72 /* Poppins-ExtraBoldItalic.ttf */; };
		41651EDC2A0E8D7F004A9B72 /* BRSonoma-Regular.ttf in Resources */ = {isa = PBXBuildFile; fileRef = 41651EB82A0E8D7F004A9B72 /* BRSonoma-Regular.ttf */; };
		41651EDD2A0E8D7F004A9B72 /* Poppins-ExtraBold.ttf in Resources */ = {isa = PBXBuildFile; fileRef = 41651EB92A0E8D7F004A9B72 /* Poppins-ExtraBold.ttf */; };
		41651EDE2A0E8D7F004A9B72 /* BRSonoma-BlackItalic.ttf in Resources */ = {isa = PBXBuildFile; fileRef = 41651EBA2A0E8D7F004A9B72 /* BRSonoma-BlackItalic.ttf */; };
		41651EDF2A0E8D7F004A9B72 /* sewer.ttf in Resources */ = {isa = PBXBuildFile; fileRef = 41651EBB2A0E8D7F004A9B72 /* sewer.ttf */; };
		41651EE02A0E8D7F004A9B72 /* BRSonoma-Thin.ttf in Resources */ = {isa = PBXBuildFile; fileRef = 41651EBC2A0E8D7F004A9B72 /* BRSonoma-Thin.ttf */; };
		41651EE12A0E8D7F004A9B72 /* BRSonoma-Bold.ttf in Resources */ = {isa = PBXBuildFile; fileRef = 41651EBD2A0E8D7F004A9B72 /* BRSonoma-Bold.ttf */; };
		41651EE22A0E8D7F004A9B72 /* Poppins-BlackItalic.ttf in Resources */ = {isa = PBXBuildFile; fileRef = 41651EBE2A0E8D7F004A9B72 /* Poppins-BlackItalic.ttf */; };
		41651EE32A0E8D7F004A9B72 /* BRSonoma-Medium.ttf in Resources */ = {isa = PBXBuildFile; fileRef = 41651EBF2A0E8D7F004A9B72 /* BRSonoma-Medium.ttf */; };
		41651EE42A0E8D7F004A9B72 /* Poppins-Regular.ttf in Resources */ = {isa = PBXBuildFile; fileRef = 41651EC02A0E8D7F004A9B72 /* Poppins-Regular.ttf */; };
		41651EE52A0E8D7F004A9B72 /* Poppins-LightItalic.ttf in Resources */ = {isa = PBXBuildFile; fileRef = 41651EC12A0E8D7F004A9B72 /* Poppins-LightItalic.ttf */; };
		41651EE62A0E8D7F004A9B72 /* BRSonoma-MediumItalic.ttf in Resources */ = {isa = PBXBuildFile; fileRef = 41651EC22A0E8D7F004A9B72 /* BRSonoma-MediumItalic.ttf */; };
		41651EE72A0E8D7F004A9B72 /* Poppins-Bold.ttf in Resources */ = {isa = PBXBuildFile; fileRef = 41651EC32A0E8D7F004A9B72 /* Poppins-Bold.ttf */; };
		41651EE82A0E8D7F004A9B72 /* Poppins-Black.ttf in Resources */ = {isa = PBXBuildFile; fileRef = 41651EC42A0E8D7F004A9B72 /* Poppins-Black.ttf */; };
		41651EE92A0E8D7F004A9B72 /* BRSonoma-Light.ttf in Resources */ = {isa = PBXBuildFile; fileRef = 41651EC52A0E8D7F004A9B72 /* BRSonoma-Light.ttf */; };
		41651EEA2A0E8D7F004A9B72 /* Poppins-Thin.ttf in Resources */ = {isa = PBXBuildFile; fileRef = 41651EC62A0E8D7F004A9B72 /* Poppins-Thin.ttf */; };
		41651EEB2A0E8D7F004A9B72 /* Poppins-SemiBold.ttf in Resources */ = {isa = PBXBuildFile; fileRef = 41651EC72A0E8D7F004A9B72 /* Poppins-SemiBold.ttf */; };
		41651EEC2A0E8D7F004A9B72 /* Poppins-Italic.ttf in Resources */ = {isa = PBXBuildFile; fileRef = 41651EC82A0E8D7F004A9B72 /* Poppins-Italic.ttf */; };
		41651EED2A0E8D7F004A9B72 /* BRSonoma-LightItalic.ttf in Resources */ = {isa = PBXBuildFile; fileRef = 41651EC92A0E8D7F004A9B72 /* BRSonoma-LightItalic.ttf */; };
		41651EEE2A0E8D7F004A9B72 /* Poppins-MediumItalic.ttf in Resources */ = {isa = PBXBuildFile; fileRef = 41651ECA2A0E8D7F004A9B72 /* Poppins-MediumItalic.ttf */; };
		41651EF12A13E6E2004A9B72 /* Asset.xcassets in Resources */ = {isa = PBXBuildFile; fileRef = 41651EF02A13E6E2004A9B72 /* Asset.xcassets */; };
		41B7B6662A159E3800C5E43D /* UIColor+Sys.swift in Sources */ = {isa = PBXBuildFile; fileRef = 41B7B6652A159E3800C5E43D /* UIColor+Sys.swift */; };
		41B7B6682A159EB200C5E43D /* UILabel+Sys.swift in Sources */ = {isa = PBXBuildFile; fileRef = 41B7B6672A159EB200C5E43D /* UILabel+Sys.swift */; };
		FDE51AA12A054C90007F9109 /* DSRimac.h in Headers */ = {isa = PBXBuildFile; fileRef = FDE51AA02A054C90007F9109 /* DSRimac.h */; settings = {ATTRIBUTES = (Public, ); }; };
		FDE51AA82A054CB2007F9109 /* Validator.swift in Sources */ = {isa = PBXBuildFile; fileRef = FDE51AA72A054CB2007F9109 /* Validator.swift */; };
		FDE51ACF2A099F57007F9109 /* UIColor+Gl.swift in Sources */ = {isa = PBXBuildFile; fileRef = FDE51ACE2A099F57007F9109 /* UIColor+Gl.swift */; };
/* End PBXBuildFile section */

/* Begin PBXFileReference section */
		41651EA22A0E8D69004A9B72 /* Global.swift */ = {isa = PBXFileReference; fileEncoding = 4; lastKnownFileType = sourcecode.swift; path = Global.swift; sourceTree = "<group>"; };
		41651EA42A0E8D70004A9B72 /* UIFont.swift */ = {isa = PBXFileReference; fileEncoding = 4; lastKnownFileType = sourcecode.swift; path = UIFont.swift; sourceTree = "<group>"; };
		41651EA72A0E8D7F004A9B72 /* BRSonoma-Black.ttf */ = {isa = PBXFileReference; lastKnownFileType = file; path = "BRSonoma-Black.ttf"; sourceTree = "<group>"; };
		41651EA82A0E8D7F004A9B72 /* BRSonoma-BoldItalic.ttf */ = {isa = PBXFileReference; lastKnownFileType = file; path = "BRSonoma-BoldItalic.ttf"; sourceTree = "<group>"; };
		41651EA92A0E8D7F004A9B72 /* BRSonoma-ThinItalic.ttf */ = {isa = PBXFileReference; lastKnownFileType = file; path = "BRSonoma-ThinItalic.ttf"; sourceTree = "<group>"; };
		41651EAA2A0E8D7F004A9B72 /* BRSonoma-ExtraLight.ttf */ = {isa = PBXFileReference; lastKnownFileType = file; path = "BRSonoma-ExtraLight.ttf"; sourceTree = "<group>"; };
		41651EAB2A0E8D7F004A9B72 /* Poppins-ExtraLight.ttf */ = {isa = PBXFileReference; lastKnownFileType = file; path = "Poppins-ExtraLight.ttf"; sourceTree = "<group>"; };
		41651EAC2A0E8D7F004A9B72 /* ASMAN.ttf */ = {isa = PBXFileReference; lastKnownFileType = file; path = ASMAN.ttf; sourceTree = "<group>"; };
		41651EAD2A0E8D7F004A9B72 /* Poppins-ThinItalic.ttf */ = {isa = PBXFileReference; lastKnownFileType = file; path = "Poppins-ThinItalic.ttf"; sourceTree = "<group>"; };
		41651EAE2A0E8D7F004A9B72 /* Poppins-ExtraLightItalic.ttf */ = {isa = PBXFileReference; lastKnownFileType = file; path = "Poppins-ExtraLightItalic.ttf"; sourceTree = "<group>"; };
		41651EAF2A0E8D7F004A9B72 /* Poppins-BoldItalic.ttf */ = {isa = PBXFileReference; lastKnownFileType = file; path = "Poppins-BoldItalic.ttf"; sourceTree = "<group>"; };
		41651EB02A0E8D7F004A9B72 /* Poppins-Light.ttf */ = {isa = PBXFileReference; lastKnownFileType = file; path = "Poppins-Light.ttf"; sourceTree = "<group>"; };
		41651EB12A0E8D7F004A9B72 /* Poppins-Medium.ttf */ = {isa = PBXFileReference; lastKnownFileType = file; path = "Poppins-Medium.ttf"; sourceTree = "<group>"; };
		41651EB22A0E8D7F004A9B72 /* BRSonoma-ExtraLightItalic.ttf */ = {isa = PBXFileReference; lastKnownFileType = file; path = "BRSonoma-ExtraLightItalic.ttf"; sourceTree = "<group>"; };
		41651EB32A0E8D7F004A9B72 /* Poppins-SemiBoldItalic.ttf */ = {isa = PBXFileReference; lastKnownFileType = file; path = "Poppins-SemiBoldItalic.ttf"; sourceTree = "<group>"; };
		41651EB42A0E8D7F004A9B72 /* BRSonoma-RegularItalic.ttf */ = {isa = PBXFileReference; lastKnownFileType = file; path = "BRSonoma-RegularItalic.ttf"; sourceTree = "<group>"; };
		41651EB52A0E8D7F004A9B72 /* BRSonoma-SemiBoldItalic.ttf */ = {isa = PBXFileReference; lastKnownFileType = file; path = "BRSonoma-SemiBoldItalic.ttf"; sourceTree = "<group>"; };
		41651EB62A0E8D7F004A9B72 /* BRSonoma-SemiBold.ttf */ = {isa = PBXFileReference; lastKnownFileType = file; path = "BRSonoma-SemiBold.ttf"; sourceTree = "<group>"; };
		41651EB72A0E8D7F004A9B72 /* Poppins-ExtraBoldItalic.ttf */ = {isa = PBXFileReference; lastKnownFileType = file; path = "Poppins-ExtraBoldItalic.ttf"; sourceTree = "<group>"; };
		41651EB82A0E8D7F004A9B72 /* BRSonoma-Regular.ttf */ = {isa = PBXFileReference; lastKnownFileType = file; path = "BRSonoma-Regular.ttf"; sourceTree = "<group>"; };
		41651EB92A0E8D7F004A9B72 /* Poppins-ExtraBold.ttf */ = {isa = PBXFileReference; lastKnownFileType = file; path = "Poppins-ExtraBold.ttf"; sourceTree = "<group>"; };
		41651EBA2A0E8D7F004A9B72 /* BRSonoma-BlackItalic.ttf */ = {isa = PBXFileReference; lastKnownFileType = file; path = "BRSonoma-BlackItalic.ttf"; sourceTree = "<group>"; };
		41651EBB2A0E8D7F004A9B72 /* sewer.ttf */ = {isa = PBXFileReference; lastKnownFileType = file; path = sewer.ttf; sourceTree = "<group>"; };
		41651EBC2A0E8D7F004A9B72 /* BRSonoma-Thin.ttf */ = {isa = PBXFileReference; lastKnownFileType = file; path = "BRSonoma-Thin.ttf"; sourceTree = "<group>"; };
		41651EBD2A0E8D7F004A9B72 /* BRSonoma-Bold.ttf */ = {isa = PBXFileReference; lastKnownFileType = file; path = "BRSonoma-Bold.ttf"; sourceTree = "<group>"; };
		41651EBE2A0E8D7F004A9B72 /* Poppins-BlackItalic.ttf */ = {isa = PBXFileReference; lastKnownFileType = file; path = "Poppins-BlackItalic.ttf"; sourceTree = "<group>"; };
		41651EBF2A0E8D7F004A9B72 /* BRSonoma-Medium.ttf */ = {isa = PBXFileReference; lastKnownFileType = file; path = "BRSonoma-Medium.ttf"; sourceTree = "<group>"; };
		41651EC02A0E8D7F004A9B72 /* Poppins-Regular.ttf */ = {isa = PBXFileReference; lastKnownFileType = file; path = "Poppins-Regular.ttf"; sourceTree = "<group>"; };
		41651EC12A0E8D7F004A9B72 /* Poppins-LightItalic.ttf */ = {isa = PBXFileReference; lastKnownFileType = file; path = "Poppins-LightItalic.ttf"; sourceTree = "<group>"; };
		41651EC22A0E8D7F004A9B72 /* BRSonoma-MediumItalic.ttf */ = {isa = PBXFileReference; lastKnownFileType = file; path = "BRSonoma-MediumItalic.ttf"; sourceTree = "<group>"; };
		41651EC32A0E8D7F004A9B72 /* Poppins-Bold.ttf */ = {isa = PBXFileReference; lastKnownFileType = file; path = "Poppins-Bold.ttf"; sourceTree = "<group>"; };
		41651EC42A0E8D7F004A9B72 /* Poppins-Black.ttf */ = {isa = PBXFileReference; lastKnownFileType = file; path = "Poppins-Black.ttf"; sourceTree = "<group>"; };
		41651EC52A0E8D7F004A9B72 /* BRSonoma-Light.ttf */ = {isa = PBXFileReference; lastKnownFileType = file; path = "BRSonoma-Light.ttf"; sourceTree = "<group>"; };
		41651EC62A0E8D7F004A9B72 /* Poppins-Thin.ttf */ = {isa = PBXFileReference; lastKnownFileType = file; path = "Poppins-Thin.ttf"; sourceTree = "<group>"; };
		41651EC72A0E8D7F004A9B72 /* Poppins-SemiBold.ttf */ = {isa = PBXFileReference; lastKnownFileType = file; path = "Poppins-SemiBold.ttf"; sourceTree = "<group>"; };
		41651EC82A0E8D7F004A9B72 /* Poppins-Italic.ttf */ = {isa = PBXFileReference; lastKnownFileType = file; path = "Poppins-Italic.ttf"; sourceTree = "<group>"; };
		41651EC92A0E8D7F004A9B72 /* BRSonoma-LightItalic.ttf */ = {isa = PBXFileReference; lastKnownFileType = file; path = "BRSonoma-LightItalic.ttf"; sourceTree = "<group>"; };
		41651ECA2A0E8D7F004A9B72 /* Poppins-MediumItalic.ttf */ = {isa = PBXFileReference; lastKnownFileType = file; path = "Poppins-MediumItalic.ttf"; sourceTree = "<group>"; };
		41651EEF2A0E8DB1004A9B72 /* Info.plist */ = {isa = PBXFileReference; lastKnownFileType = text.plist; path = Info.plist; sourceTree = "<group>"; };
		41651EF02A13E6E2004A9B72 /* Asset.xcassets */ = {isa = PBXFileReference; lastKnownFileType = folder.assetcatalog; path = Asset.xcassets; sourceTree = "<group>"; };
		41B7B6652A159E3800C5E43D /* UIColor+Sys.swift */ = {isa = PBXFileReference; lastKnownFileType = sourcecode.swift; path = "UIColor+Sys.swift"; sourceTree = "<group>"; };
		41B7B6672A159EB200C5E43D /* UILabel+Sys.swift */ = {isa = PBXFileReference; lastKnownFileType = sourcecode.swift; path = "UILabel+Sys.swift"; sourceTree = "<group>"; };
		FDE51A9D2A054C90007F9109 /* DSRimac.framework */ = {isa = PBXFileReference; explicitFileType = wrapper.framework; includeInIndex = 0; path = DSRimac.framework; sourceTree = BUILT_PRODUCTS_DIR; };
		FDE51AA02A054C90007F9109 /* DSRimac.h */ = {isa = PBXFileReference; lastKnownFileType = sourcecode.c.h; path = DSRimac.h; sourceTree = "<group>"; };
		FDE51AA72A054CB2007F9109 /* Validator.swift */ = {isa = PBXFileReference; lastKnownFileType = sourcecode.swift; path = Validator.swift; sourceTree = "<group>"; };
		FDE51ACE2A099F57007F9109 /* UIColor+Gl.swift */ = {isa = PBXFileReference; fileEncoding = 4; lastKnownFileType = sourcecode.swift; path = "UIColor+Gl.swift"; sourceTree = "<group>"; };
/* End PBXFileReference section */

/* Begin PBXFrameworksBuildPhase section */
		FDE51A9A2A054C90007F9109 /* Frameworks */ = {
			isa = PBXFrameworksBuildPhase;
			buildActionMask = 2147483647;
			files = (
			);
			runOnlyForDeploymentPostprocessing = 0;
		};
/* End PBXFrameworksBuildPhase section */

/* Begin PBXGroup section */
		41651EA62A0E8D7F004A9B72 /* Fonts */ = {
			isa = PBXGroup;
			children = (
				41651EA72A0E8D7F004A9B72 /* BRSonoma-Black.ttf */,
				41651EA82A0E8D7F004A9B72 /* BRSonoma-BoldItalic.ttf */,
				41651EA92A0E8D7F004A9B72 /* BRSonoma-ThinItalic.ttf */,
				41651EAA2A0E8D7F004A9B72 /* BRSonoma-ExtraLight.ttf */,
				41651EAB2A0E8D7F004A9B72 /* Poppins-ExtraLight.ttf */,
				41651EAC2A0E8D7F004A9B72 /* ASMAN.ttf */,
				41651EAD2A0E8D7F004A9B72 /* Poppins-ThinItalic.ttf */,
				41651EAE2A0E8D7F004A9B72 /* Poppins-ExtraLightItalic.ttf */,
				41651EAF2A0E8D7F004A9B72 /* Poppins-BoldItalic.ttf */,
				41651EB02A0E8D7F004A9B72 /* Poppins-Light.ttf */,
				41651EB12A0E8D7F004A9B72 /* Poppins-Medium.ttf */,
				41651EB22A0E8D7F004A9B72 /* BRSonoma-ExtraLightItalic.ttf */,
				41651EB32A0E8D7F004A9B72 /* Poppins-SemiBoldItalic.ttf */,
				41651EB42A0E8D7F004A9B72 /* BRSonoma-RegularItalic.ttf */,
				41651EB52A0E8D7F004A9B72 /* BRSonoma-SemiBoldItalic.ttf */,
				41651EB62A0E8D7F004A9B72 /* BRSonoma-SemiBold.ttf */,
				41651EB72A0E8D7F004A9B72 /* Poppins-ExtraBoldItalic.ttf */,
				41651EB82A0E8D7F004A9B72 /* BRSonoma-Regular.ttf */,
				41651EB92A0E8D7F004A9B72 /* Poppins-ExtraBold.ttf */,
				41651EBA2A0E8D7F004A9B72 /* BRSonoma-BlackItalic.ttf */,
				41651EBB2A0E8D7F004A9B72 /* sewer.ttf */,
				41651EBC2A0E8D7F004A9B72 /* BRSonoma-Thin.ttf */,
				41651EBD2A0E8D7F004A9B72 /* BRSonoma-Bold.ttf */,
				41651EBE2A0E8D7F004A9B72 /* Poppins-BlackItalic.ttf */,
				41651EBF2A0E8D7F004A9B72 /* BRSonoma-Medium.ttf */,
				41651EC02A0E8D7F004A9B72 /* Poppins-Regular.ttf */,
				41651EC12A0E8D7F004A9B72 /* Poppins-LightItalic.ttf */,
				41651EC22A0E8D7F004A9B72 /* BRSonoma-MediumItalic.ttf */,
				41651EC32A0E8D7F004A9B72 /* Poppins-Bold.ttf */,
				41651EC42A0E8D7F004A9B72 /* Poppins-Black.ttf */,
				41651EC52A0E8D7F004A9B72 /* BRSonoma-Light.ttf */,
				41651EC62A0E8D7F004A9B72 /* Poppins-Thin.ttf */,
				41651EC72A0E8D7F004A9B72 /* Poppins-SemiBold.ttf */,
				41651EC82A0E8D7F004A9B72 /* Poppins-Italic.ttf */,
				41651EC92A0E8D7F004A9B72 /* BRSonoma-LightItalic.ttf */,
				41651ECA2A0E8D7F004A9B72 /* Poppins-MediumItalic.ttf */,
			);
			path = Fonts;
			sourceTree = "<group>";
		};
		FDE51A932A054C90007F9109 = {
			isa = PBXGroup;
			children = (
				FDE51A9F2A054C90007F9109 /* DSRimac */,
				FDE51A9E2A054C90007F9109 /* Products */,
			);
			sourceTree = "<group>";
		};
		FDE51A9E2A054C90007F9109 /* Products */ = {
			isa = PBXGroup;
			children = (
				FDE51A9D2A054C90007F9109 /* DSRimac.framework */,
			);
			name = Products;
			sourceTree = "<group>";
		};
		FDE51A9F2A054C90007F9109 /* DSRimac */ = {
			isa = PBXGroup;
			children = (
				41651EEF2A0E8DB1004A9B72 /* Info.plist */,
				FDE51AA02A054C90007F9109 /* DSRimac.h */,
				41651EA62A0E8D7F004A9B72 /* Fonts */,
				FDE51ACD2A099EFC007F9109 /* Extensions */,
				FDE51AA72A054CB2007F9109 /* Validator.swift */,
			);
			path = DSRimac;
			sourceTree = "<group>";
		};
		FDE51ACD2A099EFC007F9109 /* Extensions */ = {
			isa = PBXGroup;
			children = (
				41651EA42A0E8D70004A9B72 /* UIFont.swift */,
				41651EA22A0E8D69004A9B72 /* Global.swift */,
				FDE51ACE2A099F57007F9109 /* UIColor+Gl.swift */,
				41651EF02A13E6E2004A9B72 /* Asset.xcassets */,
				41B7B6652A159E3800C5E43D /* UIColor+Sys.swift */,
				41B7B6672A159EB200C5E43D /* UILabel+Sys.swift */,
			);
			path = Extensions;
			sourceTree = "<group>";
		};
/* End PBXGroup section */

/* Begin PBXHeadersBuildPhase section */
		FDE51A982A054C90007F9109 /* Headers */ = {
			isa = PBXHeadersBuildPhase;
			buildActionMask = 2147483647;
			files = (
				FDE51AA12A054C90007F9109 /* DSRimac.h in Headers */,
			);
			runOnlyForDeploymentPostprocessing = 0;
		};
/* End PBXHeadersBuildPhase section */

/* Begin PBXNativeTarget section */
		FDE51A9C2A054C90007F9109 /* DSRimac */ = {
			isa = PBXNativeTarget;
			buildConfigurationList = FDE51AA42A054C90007F9109 /* Build configuration list for PBXNativeTarget "DSRimac" */;
			buildPhases = (
				FDE51A982A054C90007F9109 /* Headers */,
				FDE51A992A054C90007F9109 /* Sources */,
				FDE51A9A2A054C90007F9109 /* Frameworks */,
				FDE51A9B2A054C90007F9109 /* Resources */,
			);
			buildRules = (
			);
			dependencies = (
			);
			name = DSRimac;
			productName = DSRimac;
			productReference = FDE51A9D2A054C90007F9109 /* DSRimac.framework */;
			productType = "com.apple.product-type.framework";
		};
/* End PBXNativeTarget section */

/* Begin PBXProject section */
		FDE51A942A054C90007F9109 /* Project object */ = {
			isa = PBXProject;
			attributes = {
				BuildIndependentTargetsInParallel = 1;
				LastUpgradeCheck = 1420;
				TargetAttributes = {
					FDE51A9C2A054C90007F9109 = {
						CreatedOnToolsVersion = 14.2;
						LastSwiftMigration = 1420;
					};
				};
			};
			buildConfigurationList = FDE51A972A054C90007F9109 /* Build configuration list for PBXProject "DSRimac" */;
			compatibilityVersion = "Xcode 14.0";
			developmentRegion = en;
			hasScannedForEncodings = 0;
			knownRegions = (
				en,
				Base,
			);
			mainGroup = FDE51A932A054C90007F9109;
			productRefGroup = FDE51A9E2A054C90007F9109 /* Products */;
			projectDirPath = "";
			projectRoot = "";
			targets = (
				FDE51A9C2A054C90007F9109 /* DSRimac */,
			);
		};
/* End PBXProject section */

/* Begin PBXResourcesBuildPhase section */
		FDE51A9B2A054C90007F9109 /* Resources */ = {
			isa = PBXResourcesBuildPhase;
			buildActionMask = 2147483647;
			files = (
				41651ED32A0E8D7F004A9B72 /* Poppins-BoldItalic.ttf in Resources */,
				41651EE92A0E8D7F004A9B72 /* BRSonoma-Light.ttf in Resources */,
				41651ED42A0E8D7F004A9B72 /* Poppins-Light.ttf in Resources */,
				41651EE02A0E8D7F004A9B72 /* BRSonoma-Thin.ttf in Resources */,
				41651ED52A0E8D7F004A9B72 /* Poppins-Medium.ttf in Resources */,
				41651EE22A0E8D7F004A9B72 /* Poppins-BlackItalic.ttf in Resources */,
				41651EE32A0E8D7F004A9B72 /* BRSonoma-Medium.ttf in Resources */,
				41651EE62A0E8D7F004A9B72 /* BRSonoma-MediumItalic.ttf in Resources */,
				41651ED72A0E8D7F004A9B72 /* Poppins-SemiBoldItalic.ttf in Resources */,
				41651EF12A13E6E2004A9B72 /* Asset.xcassets in Resources */,
				41651ED82A0E8D7F004A9B72 /* BRSonoma-RegularItalic.ttf in Resources */,
				41651ED22A0E8D7F004A9B72 /* Poppins-ExtraLightItalic.ttf in Resources */,
				41651ECF2A0E8D7F004A9B72 /* Poppins-ExtraLight.ttf in Resources */,
				41651EE72A0E8D7F004A9B72 /* Poppins-Bold.ttf in Resources */,
				41651EE12A0E8D7F004A9B72 /* BRSonoma-Bold.ttf in Resources */,
				41651ECC2A0E8D7F004A9B72 /* BRSonoma-BoldItalic.ttf in Resources */,
				41651ED92A0E8D7F004A9B72 /* BRSonoma-SemiBoldItalic.ttf in Resources */,
				41651ECE2A0E8D7F004A9B72 /* BRSonoma-ExtraLight.ttf in Resources */,
				41651ED02A0E8D7F004A9B72 /* ASMAN.ttf in Resources */,
				41651EEC2A0E8D7F004A9B72 /* Poppins-Italic.ttf in Resources */,
				41651EE42A0E8D7F004A9B72 /* Poppins-Regular.ttf in Resources */,
				41651EDD2A0E8D7F004A9B72 /* Poppins-ExtraBold.ttf in Resources */,
				41651ECD2A0E8D7F004A9B72 /* BRSonoma-ThinItalic.ttf in Resources */,
				41651EEA2A0E8D7F004A9B72 /* Poppins-Thin.ttf in Resources */,
				41651EDF2A0E8D7F004A9B72 /* sewer.ttf in Resources */,
				41651EDE2A0E8D7F004A9B72 /* BRSonoma-BlackItalic.ttf in Resources */,
				41651EEE2A0E8D7F004A9B72 /* Poppins-MediumItalic.ttf in Resources */,
				41651EEB2A0E8D7F004A9B72 /* Poppins-SemiBold.ttf in Resources */,
				41651EED2A0E8D7F004A9B72 /* BRSonoma-LightItalic.ttf in Resources */,
				41651EDC2A0E8D7F004A9B72 /* BRSonoma-Regular.ttf in Resources */,
				41651ED62A0E8D7F004A9B72 /* BRSonoma-ExtraLightItalic.ttf in Resources */,
				41651EE82A0E8D7F004A9B72 /* Poppins-Black.ttf in Resources */,
				41651ED12A0E8D7F004A9B72 /* Poppins-ThinItalic.ttf in Resources */,
				41651EDA2A0E8D7F004A9B72 /* BRSonoma-SemiBold.ttf in Resources */,
				41651ECB2A0E8D7F004A9B72 /* BRSonoma-Black.ttf in Resources */,
				41651EE52A0E8D7F004A9B72 /* Poppins-LightItalic.ttf in Resources */,
				41651EDB2A0E8D7F004A9B72 /* Poppins-ExtraBoldItalic.ttf in Resources */,
			);
			runOnlyForDeploymentPostprocessing = 0;
		};
/* End PBXResourcesBuildPhase section */

/* Begin PBXSourcesBuildPhase section */
		FDE51A992A054C90007F9109 /* Sources */ = {
			isa = PBXSourcesBuildPhase;
			buildActionMask = 2147483647;
			files = (
				41B7B6682A159EB200C5E43D /* UILabel+Sys.swift in Sources */,
				41B7B6662A159E3800C5E43D /* UIColor+Sys.swift in Sources */,
				FDE51AA82A054CB2007F9109 /* Validator.swift in Sources */,
				FDE51ACF2A099F57007F9109 /* UIColor+Gl.swift in Sources */,
				41651EA52A0E8D70004A9B72 /* UIFont.swift in Sources */,
				41651EA32A0E8D69004A9B72 /* Global.swift in Sources */,
			);
			runOnlyForDeploymentPostprocessing = 0;
		};
/* End PBXSourcesBuildPhase section */

/* Begin XCBuildConfiguration section */
		FDE51AA22A054C90007F9109 /* Debug */ = {
			isa = XCBuildConfiguration;
			buildSettings = {
				ALWAYS_SEARCH_USER_PATHS = NO;
				CLANG_ANALYZER_NONNULL = YES;
				CLANG_ANALYZER_NUMBER_OBJECT_CONVERSION = YES_AGGRESSIVE;
				CLANG_CXX_LANGUAGE_STANDARD = "gnu++20";
				CLANG_ENABLE_MODULES = YES;
				CLANG_ENABLE_OBJC_ARC = YES;
				CLANG_ENABLE_OBJC_WEAK = YES;
				CLANG_WARN_BLOCK_CAPTURE_AUTORELEASING = YES;
				CLANG_WARN_BOOL_CONVERSION = YES;
				CLANG_WARN_COMMA = YES;
				CLANG_WARN_CONSTANT_CONVERSION = YES;
				CLANG_WARN_DEPRECATED_OBJC_IMPLEMENTATIONS = YES;
				CLANG_WARN_DIRECT_OBJC_ISA_USAGE = YES_ERROR;
				CLANG_WARN_DOCUMENTATION_COMMENTS = YES;
				CLANG_WARN_EMPTY_BODY = YES;
				CLANG_WARN_ENUM_CONVERSION = YES;
				CLANG_WARN_INFINITE_RECURSION = YES;
				CLANG_WARN_INT_CONVERSION = YES;
				CLANG_WARN_NON_LITERAL_NULL_CONVERSION = YES;
				CLANG_WARN_OBJC_IMPLICIT_RETAIN_SELF = YES;
				CLANG_WARN_OBJC_LITERAL_CONVERSION = YES;
				CLANG_WARN_OBJC_ROOT_CLASS = YES_ERROR;
				CLANG_WARN_QUOTED_INCLUDE_IN_FRAMEWORK_HEADER = YES;
				CLANG_WARN_RANGE_LOOP_ANALYSIS = YES;
				CLANG_WARN_STRICT_PROTOTYPES = YES;
				CLANG_WARN_SUSPICIOUS_MOVE = YES;
				CLANG_WARN_UNGUARDED_AVAILABILITY = YES_AGGRESSIVE;
				CLANG_WARN_UNREACHABLE_CODE = YES;
				CLANG_WARN__DUPLICATE_METHOD_MATCH = YES;
				COPY_PHASE_STRIP = NO;
				CURRENT_PROJECT_VERSION = 1;
				DEBUG_INFORMATION_FORMAT = dwarf;
				ENABLE_STRICT_OBJC_MSGSEND = YES;
				ENABLE_TESTABILITY = YES;
				GCC_C_LANGUAGE_STANDARD = gnu11;
				GCC_DYNAMIC_NO_PIC = NO;
				GCC_NO_COMMON_BLOCKS = YES;
				GCC_OPTIMIZATION_LEVEL = 0;
				GCC_PREPROCESSOR_DEFINITIONS = (
					"DEBUG=1",
					"$(inherited)",
				);
				GCC_WARN_64_TO_32_BIT_CONVERSION = YES;
				GCC_WARN_ABOUT_RETURN_TYPE = YES_ERROR;
				GCC_WARN_UNDECLARED_SELECTOR = YES;
				GCC_WARN_UNINITIALIZED_AUTOS = YES_AGGRESSIVE;
				GCC_WARN_UNUSED_FUNCTION = YES;
				GCC_WARN_UNUSED_VARIABLE = YES;
				IPHONEOS_DEPLOYMENT_TARGET = 16.2;
				MTL_ENABLE_DEBUG_INFO = INCLUDE_SOURCE;
				MTL_FAST_MATH = YES;
				ONLY_ACTIVE_ARCH = YES;
				SDKROOT = iphoneos;
				SWIFT_ACTIVE_COMPILATION_CONDITIONS = DEBUG;
				SWIFT_OPTIMIZATION_LEVEL = "-Onone";
				VERSIONING_SYSTEM = "apple-generic";
				VERSION_INFO_PREFIX = "";
			};
			name = Debug;
		};
		FDE51AA32A054C90007F9109 /* Release */ = {
			isa = XCBuildConfiguration;
			buildSettings = {
				ALWAYS_SEARCH_USER_PATHS = NO;
				CLANG_ANALYZER_NONNULL = YES;
				CLANG_ANALYZER_NUMBER_OBJECT_CONVERSION = YES_AGGRESSIVE;
				CLANG_CXX_LANGUAGE_STANDARD = "gnu++20";
				CLANG_ENABLE_MODULES = YES;
				CLANG_ENABLE_OBJC_ARC = YES;
				CLANG_ENABLE_OBJC_WEAK = YES;
				CLANG_WARN_BLOCK_CAPTURE_AUTORELEASING = YES;
				CLANG_WARN_BOOL_CONVERSION = YES;
				CLANG_WARN_COMMA = YES;
				CLANG_WARN_CONSTANT_CONVERSION = YES;
				CLANG_WARN_DEPRECATED_OBJC_IMPLEMENTATIONS = YES;
				CLANG_WARN_DIRECT_OBJC_ISA_USAGE = YES_ERROR;
				CLANG_WARN_DOCUMENTATION_COMMENTS = YES;
				CLANG_WARN_EMPTY_BODY = YES;
				CLANG_WARN_ENUM_CONVERSION = YES;
				CLANG_WARN_INFINITE_RECURSION = YES;
				CLANG_WARN_INT_CONVERSION = YES;
				CLANG_WARN_NON_LITERAL_NULL_CONVERSION = YES;
				CLANG_WARN_OBJC_IMPLICIT_RETAIN_SELF = YES;
				CLANG_WARN_OBJC_LITERAL_CONVERSION = YES;
				CLANG_WARN_OBJC_ROOT_CLASS = YES_ERROR;
				CLANG_WARN_QUOTED_INCLUDE_IN_FRAMEWORK_HEADER = YES;
				CLANG_WARN_RANGE_LOOP_ANALYSIS = YES;
				CLANG_WARN_STRICT_PROTOTYPES = YES;
				CLANG_WARN_SUSPICIOUS_MOVE = YES;
				CLANG_WARN_UNGUARDED_AVAILABILITY = YES_AGGRESSIVE;
				CLANG_WARN_UNREACHABLE_CODE = YES;
				CLANG_WARN__DUPLICATE_METHOD_MATCH = YES;
				COPY_PHASE_STRIP = NO;
				CURRENT_PROJECT_VERSION = 1;
				DEBUG_INFORMATION_FORMAT = "dwarf-with-dsym";
				ENABLE_NS_ASSERTIONS = NO;
				ENABLE_STRICT_OBJC_MSGSEND = YES;
				GCC_C_LANGUAGE_STANDARD = gnu11;
				GCC_NO_COMMON_BLOCKS = YES;
				GCC_WARN_64_TO_32_BIT_CONVERSION = YES;
				GCC_WARN_ABOUT_RETURN_TYPE = YES_ERROR;
				GCC_WARN_UNDECLARED_SELECTOR = YES;
				GCC_WARN_UNINITIALIZED_AUTOS = YES_AGGRESSIVE;
				GCC_WARN_UNUSED_FUNCTION = YES;
				GCC_WARN_UNUSED_VARIABLE = YES;
				IPHONEOS_DEPLOYMENT_TARGET = 16.2;
				MTL_ENABLE_DEBUG_INFO = NO;
				MTL_FAST_MATH = YES;
				SDKROOT = iphoneos;
				SWIFT_COMPILATION_MODE = wholemodule;
				SWIFT_OPTIMIZATION_LEVEL = "-O";
				VALIDATE_PRODUCT = YES;
				VERSIONING_SYSTEM = "apple-generic";
				VERSION_INFO_PREFIX = "";
			};
			name = Release;
		};
		FDE51AA52A054C90007F9109 /* Debug */ = {
			isa = XCBuildConfiguration;
			buildSettings = {
				CLANG_ENABLE_MODULES = YES;
				CODE_SIGN_STYLE = Automatic;
				CURRENT_PROJECT_VERSION = 1;
				DEFINES_MODULE = YES;
				DEVELOPMENT_TEAM = 7UN4YDYUNW;
				DYLIB_COMPATIBILITY_VERSION = 1;
				DYLIB_CURRENT_VERSION = 1;
				DYLIB_INSTALL_NAME_BASE = "@rpath";
				GENERATE_INFOPLIST_FILE = YES;
				INFOPLIST_FILE = DSRimac/Info.plist;
				INFOPLIST_KEY_NSHumanReadableCopyright = "";
				INSTALL_PATH = "$(LOCAL_LIBRARY_DIR)/Frameworks";
				IPHONEOS_DEPLOYMENT_TARGET = 13.0;
				LD_RUNPATH_SEARCH_PATHS = (
					"$(inherited)",
					"@executable_path/Frameworks",
					"@loader_path/Frameworks",
				);
				MARKETING_VERSION = 1.0;
				PRODUCT_BUNDLE_IDENTIFIER = tokens.DSRimac;
				PRODUCT_NAME = "$(TARGET_NAME:c99extidentifier)";
				SKIP_INSTALL = YES;
				SWIFT_EMIT_LOC_STRINGS = YES;
				SWIFT_OPTIMIZATION_LEVEL = "-Onone";
				SWIFT_VERSION = 5.0;
				TARGETED_DEVICE_FAMILY = "1,2";
			};
			name = Debug;
		};
		FDE51AA62A054C90007F9109 /* Release */ = {
			isa = XCBuildConfiguration;
			buildSettings = {
				CLANG_ENABLE_MODULES = YES;
				CODE_SIGN_STYLE = Automatic;
				CURRENT_PROJECT_VERSION = 1;
				DEFINES_MODULE = YES;
				DEVELOPMENT_TEAM = 7UN4YDYUNW;
				DYLIB_COMPATIBILITY_VERSION = 1;
				DYLIB_CURRENT_VERSION = 1;
				DYLIB_INSTALL_NAME_BASE = "@rpath";
				GENERATE_INFOPLIST_FILE = YES;
				INFOPLIST_FILE = DSRimac/Info.plist;
				INFOPLIST_KEY_NSHumanReadableCopyright = "";
				INSTALL_PATH = "$(LOCAL_LIBRARY_DIR)/Frameworks";
				IPHONEOS_DEPLOYMENT_TARGET = 13.0;
				LD_RUNPATH_SEARCH_PATHS = (
					"$(inherited)",
					"@executable_path/Frameworks",
					"@loader_path/Frameworks",
				);
				MARKETING_VERSION = 1.0;
				PRODUCT_BUNDLE_IDENTIFIER = tokens.DSRimac;
				PRODUCT_NAME = "$(TARGET_NAME:c99extidentifier)";
				SKIP_INSTALL = YES;
				SWIFT_EMIT_LOC_STRINGS = YES;
				SWIFT_VERSION = 5.0;
				TARGETED_DEVICE_FAMILY = "1,2";
			};
			name = Release;
		};
/* End XCBuildConfiguration section */

/* Begin XCConfigurationList section */
		FDE51A972A054C90007F9109 /* Build configuration list for PBXProject "DSRimac" */ = {
			isa = XCConfigurationList;
			buildConfigurations = (
				FDE51AA22A054C90007F9109 /* Debug */,
				FDE51AA32A054C90007F9109 /* Release */,
			);
			defaultConfigurationIsVisible = 0;
			defaultConfigurationName = Release;
		};
		FDE51AA42A054C90007F9109 /* Build configuration list for PBXNativeTarget "DSRimac" */ = {
			isa = XCConfigurationList;
			buildConfigurations = (
				FDE51AA52A054C90007F9109 /* Debug */,
				FDE51AA62A054C90007F9109 /* Release */,
			);
			defaultConfigurationIsVisible = 0;
			defaultConfigurationName = Release;
		};
/* End XCConfigurationList section */
	};
	rootObject = FDE51A942A054C90007F9109 /* Project object */;
}
